// !$*UTF8*$!
{
	archiveVersion = 1;
	classes = {
	};
	objectVersion = 56;
	objects = {

/* Begin PBXBuildFile section */
		FD5A4FF92A4ECBC100AB02AA /* LogInViewController.swift in Sources */ = {isa = PBXBuildFile; fileRef = FD5A4FF82A4ECBC100AB02AA /* LogInViewController.swift */; };
		FD5A4FFB2A4EFE7200AB02AA /* CustomButtom.swift in Sources */ = {isa = PBXBuildFile; fileRef = FD5A4FFA2A4EFE7200AB02AA /* CustomButtom.swift */; };
		FD5A4FFD2A4EFEE200AB02AA /* CustomTextField.swift in Sources */ = {isa = PBXBuildFile; fileRef = FD5A4FFC2A4EFEE200AB02AA /* CustomTextField.swift */; };
		FD5A4FFF2A4F3F9C00AB02AA /* PostViewModel.swift in Sources */ = {isa = PBXBuildFile; fileRef = FD5A4FFE2A4F3F9C00AB02AA /* PostViewModel.swift */; };
		FD5A50012A4F56FB00AB02AA /* PostTableViewCell.swift in Sources */ = {isa = PBXBuildFile; fileRef = FD5A50002A4F56FB00AB02AA /* PostTableViewCell.swift */; };
		FD6EECF02A50986600933590 /* PhotosTableViewCell.swift in Sources */ = {isa = PBXBuildFile; fileRef = FD6EECEF2A50986600933590 /* PhotosTableViewCell.swift */; };
		FD6EECF62A50C11F00933590 /* PhotosModel.swift in Sources */ = {isa = PBXBuildFile; fileRef = FD6EECF52A50C11F00933590 /* PhotosModel.swift */; };
		FD6EECF82A50C2EC00933590 /* PhotoCell.swift in Sources */ = {isa = PBXBuildFile; fileRef = FD6EECF72A50C2EC00933590 /* PhotoCell.swift */; };
		FD79C1882A4262690039E1FD /* AppDelegate.swift in Sources */ = {isa = PBXBuildFile; fileRef = FD79C1872A4262690039E1FD /* AppDelegate.swift */; };
		FD79C18A2A4262690039E1FD /* SceneDelegate.swift in Sources */ = {isa = PBXBuildFile; fileRef = FD79C1892A4262690039E1FD /* SceneDelegate.swift */; };
		FD79C18C2A4262690039E1FD /* ViewController.swift in Sources */ = {isa = PBXBuildFile; fileRef = FD79C18B2A4262690039E1FD /* ViewController.swift */; };
		FD79C1912A42626B0039E1FD /* Assets.xcassets in Resources */ = {isa = PBXBuildFile; fileRef = FD79C1902A42626B0039E1FD /* Assets.xcassets */; };
		FD79C1942A42626B0039E1FD /* LaunchScreen.storyboard in Resources */ = {isa = PBXBuildFile; fileRef = FD79C1922A42626B0039E1FD /* LaunchScreen.storyboard */; };
		FD79C19C2A4268BF0039E1FD /* ProfileViewController.swift in Sources */ = {isa = PBXBuildFile; fileRef = FD79C19B2A4268BF0039E1FD /* ProfileViewController.swift */; };
		FD79C19E2A4268D50039E1FD /* FeedViewController.swift in Sources */ = {isa = PBXBuildFile; fileRef = FD79C19D2A4268D50039E1FD /* FeedViewController.swift */; };
		FD79C1A02A426AC50039E1FD /* PostViewController.swift in Sources */ = {isa = PBXBuildFile; fileRef = FD79C19F2A426AC50039E1FD /* PostViewController.swift */; };
		FD79C1A22A426B900039E1FD /* InfoViewController.swift in Sources */ = {isa = PBXBuildFile; fileRef = FD79C1A12A426B900039E1FD /* InfoViewController.swift */; };
		FD79C1A42A426BB30039E1FD /* UIAlertController.swift in Sources */ = {isa = PBXBuildFile; fileRef = FD79C1A32A426BB30039E1FD /* UIAlertController.swift */; };
		FDD2BACA2A5247D3003EB765 /* ModalDetailVC.swift in Sources */ = {isa = PBXBuildFile; fileRef = FDD2BAC92A5247D3003EB765 /* ModalDetailVC.swift */; };
		FDD755202A448A8900E0F7B0 /* ProfileHeaderView.swift in Sources */ = {isa = PBXBuildFile; fileRef = FDD7551F2A448A8900E0F7B0 /* ProfileHeaderView.swift */; };
		FDE4BE972A50D8E800028B97 /* PhotosViewController.swift in Sources */ = {isa = PBXBuildFile; fileRef = FDE4BE962A50D8E800028B97 /* PhotosViewController.swift */; };
		FDE4BE992A50DAEA00028B97 /* PhotoCollectionViewCell.swift in Sources */ = {isa = PBXBuildFile; fileRef = FDE4BE982A50DAEA00028B97 /* PhotoCollectionViewCell.swift */; };
/* End PBXBuildFile section */

/* Begin PBXFileReference section */
		FD5A4FF82A4ECBC100AB02AA /* LogInViewController.swift */ = {isa = PBXFileReference; lastKnownFileType = sourcecode.swift; path = LogInViewController.swift; sourceTree = "<group>"; };
		FD5A4FFA2A4EFE7200AB02AA /* CustomButtom.swift */ = {isa = PBXFileReference; lastKnownFileType = sourcecode.swift; path = CustomButtom.swift; sourceTree = "<group>"; };
		FD5A4FFC2A4EFEE200AB02AA /* CustomTextField.swift */ = {isa = PBXFileReference; lastKnownFileType = sourcecode.swift; path = CustomTextField.swift; sourceTree = "<group>"; };
		FD5A4FFE2A4F3F9C00AB02AA /* PostViewModel.swift */ = {isa = PBXFileReference; lastKnownFileType = sourcecode.swift; path = PostViewModel.swift; sourceTree = "<group>"; };
		FD5A50002A4F56FB00AB02AA /* PostTableViewCell.swift */ = {isa = PBXFileReference; lastKnownFileType = sourcecode.swift; path = PostTableViewCell.swift; sourceTree = "<group>"; };
		FD6EECEF2A50986600933590 /* PhotosTableViewCell.swift */ = {isa = PBXFileReference; lastKnownFileType = sourcecode.swift; path = PhotosTableViewCell.swift; sourceTree = "<group>"; };
		FD6EECF52A50C11F00933590 /* PhotosModel.swift */ = {isa = PBXFileReference; lastKnownFileType = sourcecode.swift; path = PhotosModel.swift; sourceTree = "<group>"; };
		FD6EECF72A50C2EC00933590 /* PhotoCell.swift */ = {isa = PBXFileReference; lastKnownFileType = sourcecode.swift; path = PhotoCell.swift; sourceTree = "<group>"; };
		FD79C1842A4262690039E1FD /* Navigator_2.0.app */ = {isa = PBXFileReference; explicitFileType = wrapper.application; includeInIndex = 0; path = Navigator_2.0.app; sourceTree = BUILT_PRODUCTS_DIR; };
		FD79C1872A4262690039E1FD /* AppDelegate.swift */ = {isa = PBXFileReference; lastKnownFileType = sourcecode.swift; path = AppDelegate.swift; sourceTree = "<group>"; };
		FD79C1892A4262690039E1FD /* SceneDelegate.swift */ = {isa = PBXFileReference; lastKnownFileType = sourcecode.swift; path = SceneDelegate.swift; sourceTree = "<group>"; };
		FD79C18B2A4262690039E1FD /* ViewController.swift */ = {isa = PBXFileReference; lastKnownFileType = sourcecode.swift; path = ViewController.swift; sourceTree = "<group>"; };
		FD79C1902A42626B0039E1FD /* Assets.xcassets */ = {isa = PBXFileReference; lastKnownFileType = folder.assetcatalog; path = Assets.xcassets; sourceTree = "<group>"; };
		FD79C1932A42626B0039E1FD /* Base */ = {isa = PBXFileReference; lastKnownFileType = file.storyboard; name = Base; path = Base.lproj/LaunchScreen.storyboard; sourceTree = "<group>"; };
		FD79C1952A42626B0039E1FD /* Info.plist */ = {isa = PBXFileReference; lastKnownFileType = text.plist.xml; path = Info.plist; sourceTree = "<group>"; };
		FD79C19B2A4268BF0039E1FD /* ProfileViewController.swift */ = {isa = PBXFileReference; lastKnownFileType = sourcecode.swift; path = ProfileViewController.swift; sourceTree = "<group>"; };
		FD79C19D2A4268D50039E1FD /* FeedViewController.swift */ = {isa = PBXFileReference; lastKnownFileType = sourcecode.swift; path = FeedViewController.swift; sourceTree = "<group>"; };
		FD79C19F2A426AC50039E1FD /* PostViewController.swift */ = {isa = PBXFileReference; lastKnownFileType = sourcecode.swift; path = PostViewController.swift; sourceTree = "<group>"; };
		FD79C1A12A426B900039E1FD /* InfoViewController.swift */ = {isa = PBXFileReference; lastKnownFileType = sourcecode.swift; path = InfoViewController.swift; sourceTree = "<group>"; };
		FD79C1A32A426BB30039E1FD /* UIAlertController.swift */ = {isa = PBXFileReference; lastKnownFileType = sourcecode.swift; path = UIAlertController.swift; sourceTree = "<group>"; };
		FDD2BAC92A5247D3003EB765 /* ModalDetailVC.swift */ = {isa = PBXFileReference; lastKnownFileType = sourcecode.swift; path = ModalDetailVC.swift; sourceTree = "<group>"; };
		FDD7551F2A448A8900E0F7B0 /* ProfileHeaderView.swift */ = {isa = PBXFileReference; lastKnownFileType = sourcecode.swift; path = ProfileHeaderView.swift; sourceTree = "<group>"; };
		FDE4BE962A50D8E800028B97 /* PhotosViewController.swift */ = {isa = PBXFileReference; lastKnownFileType = sourcecode.swift; path = PhotosViewController.swift; sourceTree = "<group>"; };
		FDE4BE982A50DAEA00028B97 /* PhotoCollectionViewCell.swift */ = {isa = PBXFileReference; lastKnownFileType = sourcecode.swift; path = PhotoCollectionViewCell.swift; sourceTree = "<group>"; };
/* End PBXFileReference section */

/* Begin PBXFrameworksBuildPhase section */
		FD79C1812A4262690039E1FD /* Frameworks */ = {
			isa = PBXFrameworksBuildPhase;
			buildActionMask = 2147483647;
			files = (
			);
			runOnlyForDeploymentPostprocessing = 0;
		};
/* End PBXFrameworksBuildPhase section */

/* Begin PBXGroup section */
		FD6EECF32A50C07000933590 /* Post */ = {
			isa = PBXGroup;
			children = (
				FD5A50002A4F56FB00AB02AA /* PostTableViewCell.swift */,
				FD5A4FFE2A4F3F9C00AB02AA /* PostViewModel.swift */,
				FD79C19F2A426AC50039E1FD /* PostViewController.swift */,
				FDD2BAC92A5247D3003EB765 /* ModalDetailVC.swift */,
			);
			path = Post;
			sourceTree = "<group>";
		};
		FD6EECF42A50C08400933590 /* Photo */ = {
			isa = PBXGroup;
			children = (
				FD6EECF72A50C2EC00933590 /* PhotoCell.swift */,
				FDE4BE982A50DAEA00028B97 /* PhotoCollectionViewCell.swift */,
				FD6EECEF2A50986600933590 /* PhotosTableViewCell.swift */,
				FD6EECF52A50C11F00933590 /* PhotosModel.swift */,
				FDE4BE962A50D8E800028B97 /* PhotosViewController.swift */,
			);
			path = Photo;
			sourceTree = "<group>";
		};
		FD79C17B2A4262690039E1FD = {
			isa = PBXGroup;
			children = (
				FD79C1862A4262690039E1FD /* Navigator_2.0 */,
				FD79C1852A4262690039E1FD /* Products */,
			);
			sourceTree = "<group>";
		};
		FD79C1852A4262690039E1FD /* Products */ = {
			isa = PBXGroup;
			children = (
				FD79C1842A4262690039E1FD /* Navigator_2.0.app */,
			);
			name = Products;
			sourceTree = "<group>";
		};
		FD79C1862A4262690039E1FD /* Navigator_2.0 */ = {
			isa = PBXGroup;
			children = (
				FD6EECF42A50C08400933590 /* Photo */,
				FD6EECF32A50C07000933590 /* Post */,
				FDD7551E2A44886A00E0F7B0 /* Profile */,
				FD79C1872A4262690039E1FD /* AppDelegate.swift */,
				FD79C1892A4262690039E1FD /* SceneDelegate.swift */,
				FD79C19D2A4268D50039E1FD /* FeedViewController.swift */,
				FD79C1A12A426B900039E1FD /* InfoViewController.swift */,
				FD79C1A32A426BB30039E1FD /* UIAlertController.swift */,
				FD79C18B2A4262690039E1FD /* ViewController.swift */,
				FD79C1902A42626B0039E1FD /* Assets.xcassets */,
				FD79C1922A42626B0039E1FD /* LaunchScreen.storyboard */,
				FD79C1952A42626B0039E1FD /* Info.plist */,
			);
			path = Navigator_2.0;
			sourceTree = "<group>";
		};
		FDD7551E2A44886A00E0F7B0 /* Profile */ = {
			isa = PBXGroup;
			children = (
				FD5A4FFA2A4EFE7200AB02AA /* CustomButtom.swift */,
				FD5A4FFC2A4EFEE200AB02AA /* CustomTextField.swift */,
				FD5A4FF82A4ECBC100AB02AA /* LogInViewController.swift */,
				FDD7551F2A448A8900E0F7B0 /* ProfileHeaderView.swift */,
				FD79C19B2A4268BF0039E1FD /* ProfileViewController.swift */,
			);
			path = Profile;
			sourceTree = "<group>";
		};
/* End PBXGroup section */

/* Begin PBXNativeTarget section */
		FD79C1832A4262690039E1FD /* Navigator_2.0 */ = {
			isa = PBXNativeTarget;
			buildConfigurationList = FD79C1982A42626B0039E1FD /* Build configuration list for PBXNativeTarget "Navigator_2.0" */;
			buildPhases = (
				FD79C1802A4262690039E1FD /* Sources */,
				FD79C1812A4262690039E1FD /* Frameworks */,
				FD79C1822A4262690039E1FD /* Resources */,
			);
			buildRules = (
			);
			dependencies = (
			);
			name = Navigator_2.0;
			productName = Navigator_2.0;
			productReference = FD79C1842A4262690039E1FD /* Navigator_2.0.app */;
			productType = "com.apple.product-type.application";
		};
/* End PBXNativeTarget section */

/* Begin PBXProject section */
		FD79C17C2A4262690039E1FD /* Project object */ = {
			isa = PBXProject;
			attributes = {
				BuildIndependentTargetsInParallel = 1;
				LastSwiftUpdateCheck = 1430;
				LastUpgradeCheck = 1430;
				TargetAttributes = {
					FD79C1832A4262690039E1FD = {
						CreatedOnToolsVersion = 14.3.1;
					};
				};
			};
			buildConfigurationList = FD79C17F2A4262690039E1FD /* Build configuration list for PBXProject "Navigator_2.0" */;
			compatibilityVersion = "Xcode 14.0";
			developmentRegion = en;
			hasScannedForEncodings = 0;
			knownRegions = (
				en,
				Base,
			);
			mainGroup = FD79C17B2A4262690039E1FD;
			productRefGroup = FD79C1852A4262690039E1FD /* Products */;
			projectDirPath = "";
			projectRoot = "";
			targets = (
				FD79C1832A4262690039E1FD /* Navigator_2.0 */,
			);
		};
/* End PBXProject section */

/* Begin PBXResourcesBuildPhase section */
		FD79C1822A4262690039E1FD /* Resources */ = {
			isa = PBXResourcesBuildPhase;
			buildActionMask = 2147483647;
			files = (
				FD79C1942A42626B0039E1FD /* LaunchScreen.storyboard in Resources */,
				FD79C1912A42626B0039E1FD /* Assets.xcassets in Resources */,
			);
			runOnlyForDeploymentPostprocessing = 0;
		};
/* End PBXResourcesBuildPhase section */

/* Begin PBXSourcesBuildPhase section */
		FD79C1802A4262690039E1FD /* Sources */ = {
			isa = PBXSourcesBuildPhase;
			buildActionMask = 2147483647;
			files = (
				FD5A4FFF2A4F3F9C00AB02AA /* PostViewModel.swift in Sources */,
				FDD2BACA2A5247D3003EB765 /* ModalDetailVC.swift in Sources */,
				FD5A4FFD2A4EFEE200AB02AA /* CustomTextField.swift in Sources */,
				FD6EECF62A50C11F00933590 /* PhotosModel.swift in Sources */,
				FD5A50012A4F56FB00AB02AA /* PostTableViewCell.swift in Sources */,
				FD79C1A02A426AC50039E1FD /* PostViewController.swift in Sources */,
				FD6EECF02A50986600933590 /* PhotosTableViewCell.swift in Sources */,
				FD79C18C2A4262690039E1FD /* ViewController.swift in Sources */,
				FD5A4FF92A4ECBC100AB02AA /* LogInViewController.swift in Sources */,
				FDE4BE972A50D8E800028B97 /* PhotosViewController.swift in Sources */,
				FD79C1882A4262690039E1FD /* AppDelegate.swift in Sources */,
				FDE4BE992A50DAEA00028B97 /* PhotoCollectionViewCell.swift in Sources */,
				FD79C1A22A426B900039E1FD /* InfoViewController.swift in Sources */,
				FD6EECF82A50C2EC00933590 /* PhotoCell.swift in Sources */,
				FD79C1A42A426BB30039E1FD /* UIAlertController.swift in Sources */,
				FD79C19E2A4268D50039E1FD /* FeedViewController.swift in Sources */,
				FDD755202A448A8900E0F7B0 /* ProfileHeaderView.swift in Sources */,
				FD79C19C2A4268BF0039E1FD /* ProfileViewController.swift in Sources */,
				FD79C18A2A4262690039E1FD /* SceneDelegate.swift in Sources */,
				FD5A4FFB2A4EFE7200AB02AA /* CustomButtom.swift in Sources */,
			);
			runOnlyForDeploymentPostprocessing = 0;
		};
/* End PBXSourcesBuildPhase section */

/* Begin PBXVariantGroup section */
		FD79C1922A42626B0039E1FD /* LaunchScreen.storyboard */ = {
			isa = PBXVariantGroup;
			children = (
				FD79C1932A42626B0039E1FD /* Base */,
			);
			name = LaunchScreen.storyboard;
			sourceTree = "<group>";
		};
/* End PBXVariantGroup section */

/* Begin XCBuildConfiguration section */
		FD79C1962A42626B0039E1FD /* Debug */ = {
			isa = XCBuildConfiguration;
			buildSettings = {
				ALWAYS_SEARCH_USER_PATHS = NO;
				CLANG_ANALYZER_NONNULL = YES;
				CLANG_ANALYZER_NUMBER_OBJECT_CONVERSION = YES_AGGRESSIVE;
				CLANG_CXX_LANGUAGE_STANDARD = "gnu++20";
				CLANG_ENABLE_MODULES = YES;
				CLANG_ENABLE_OBJC_ARC = YES;
				CLANG_ENABLE_OBJC_WEAK = YES;
				CLANG_WARN_BLOCK_CAPTURE_AUTORELEASING = YES;
				CLANG_WARN_BOOL_CONVERSION = YES;
				CLANG_WARN_COMMA = YES;
				CLANG_WARN_CONSTANT_CONVERSION = YES;
				CLANG_WARN_DEPRECATED_OBJC_IMPLEMENTATIONS = YES;
				CLANG_WARN_DIRECT_OBJC_ISA_USAGE = YES_ERROR;
				CLANG_WARN_DOCUMENTATION_COMMENTS = YES;
				CLANG_WARN_EMPTY_BODY = YES;
				CLANG_WARN_ENUM_CONVERSION = YES;
				CLANG_WARN_INFINITE_RECURSION = YES;
				CLANG_WARN_INT_CONVERSION = YES;
				CLANG_WARN_NON_LITERAL_NULL_CONVERSION = YES;
				CLANG_WARN_OBJC_IMPLICIT_RETAIN_SELF = YES;
				CLANG_WARN_OBJC_LITERAL_CONVERSION = YES;
				CLANG_WARN_OBJC_ROOT_CLASS = YES_ERROR;
				CLANG_WARN_QUOTED_INCLUDE_IN_FRAMEWORK_HEADER = YES;
				CLANG_WARN_RANGE_LOOP_ANALYSIS = YES;
				CLANG_WARN_STRICT_PROTOTYPES = YES;
				CLANG_WARN_SUSPICIOUS_MOVE = YES;
				CLANG_WARN_UNGUARDED_AVAILABILITY = YES_AGGRESSIVE;
				CLANG_WARN_UNREACHABLE_CODE = YES;
				CLANG_WARN__DUPLICATE_METHOD_MATCH = YES;
				COPY_PHASE_STRIP = NO;
				DEBUG_INFORMATION_FORMAT = dwarf;
				ENABLE_STRICT_OBJC_MSGSEND = YES;
				ENABLE_TESTABILITY = YES;
				GCC_C_LANGUAGE_STANDARD = gnu11;
				GCC_DYNAMIC_NO_PIC = NO;
				GCC_NO_COMMON_BLOCKS = YES;
				GCC_OPTIMIZATION_LEVEL = 0;
				GCC_PREPROCESSOR_DEFINITIONS = (
					"DEBUG=1",
					"$(inherited)",
				);
				GCC_WARN_64_TO_32_BIT_CONVERSION = YES;
				GCC_WARN_ABOUT_RETURN_TYPE = YES_ERROR;
				GCC_WARN_UNDECLARED_SELECTOR = YES;
				GCC_WARN_UNINITIALIZED_AUTOS = YES_AGGRESSIVE;
				GCC_WARN_UNUSED_FUNCTION = YES;
				GCC_WARN_UNUSED_VARIABLE = YES;
				IPHONEOS_DEPLOYMENT_TARGET = 16.4;
				MTL_ENABLE_DEBUG_INFO = INCLUDE_SOURCE;
				MTL_FAST_MATH = YES;
				ONLY_ACTIVE_ARCH = YES;
				SDKROOT = iphoneos;
				SWIFT_ACTIVE_COMPILATION_CONDITIONS = DEBUG;
				SWIFT_OPTIMIZATION_LEVEL = "-Onone";
			};
			name = Debug;
		};
		FD79C1972A42626B0039E1FD /* Release */ = {
			isa = XCBuildConfiguration;
			buildSettings = {
				ALWAYS_SEARCH_USER_PATHS = NO;
				CLANG_ANALYZER_NONNULL = YES;
				CLANG_ANALYZER_NUMBER_OBJECT_CONVERSION = YES_AGGRESSIVE;
				CLANG_CXX_LANGUAGE_STANDARD = "gnu++20";
				CLANG_ENABLE_MODULES = YES;
				CLANG_ENABLE_OBJC_ARC = YES;
				CLANG_ENABLE_OBJC_WEAK = YES;
				CLANG_WARN_BLOCK_CAPTURE_AUTORELEASING = YES;
				CLANG_WARN_BOOL_CONVERSION = YES;
				CLANG_WARN_COMMA = YES;
				CLANG_WARN_CONSTANT_CONVERSION = YES;
				CLANG_WARN_DEPRECATED_OBJC_IMPLEMENTATIONS = YES;
				CLANG_WARN_DIRECT_OBJC_ISA_USAGE = YES_ERROR;
				CLANG_WARN_DOCUMENTATION_COMMENTS = YES;
				CLANG_WARN_EMPTY_BODY = YES;
				CLANG_WARN_ENUM_CONVERSION = YES;
				CLANG_WARN_INFINITE_RECURSION = YES;
				CLANG_WARN_INT_CONVERSION = YES;
				CLANG_WARN_NON_LITERAL_NULL_CONVERSION = YES;
				CLANG_WARN_OBJC_IMPLICIT_RETAIN_SELF = YES;
				CLANG_WARN_OBJC_LITERAL_CONVERSION = YES;
				CLANG_WARN_OBJC_ROOT_CLASS = YES_ERROR;
				CLANG_WARN_QUOTED_INCLUDE_IN_FRAMEWORK_HEADER = YES;
				CLANG_WARN_RANGE_LOOP_ANALYSIS = YES;
				CLANG_WARN_STRICT_PROTOTYPES = YES;
				CLANG_WARN_SUSPICIOUS_MOVE = YES;
				CLANG_WARN_UNGUARDED_AVAILABILITY = YES_AGGRESSIVE;
				CLANG_WARN_UNREACHABLE_CODE = YES;
				CLANG_WARN__DUPLICATE_METHOD_MATCH = YES;
				COPY_PHASE_STRIP = NO;
				DEBUG_INFORMATION_FORMAT = "dwarf-with-dsym";
				ENABLE_NS_ASSERTIONS = NO;
				ENABLE_STRICT_OBJC_MSGSEND = YES;
				GCC_C_LANGUAGE_STANDARD = gnu11;
				GCC_NO_COMMON_BLOCKS = YES;
				GCC_WARN_64_TO_32_BIT_CONVERSION = YES;
				GCC_WARN_ABOUT_RETURN_TYPE = YES_ERROR;
				GCC_WARN_UNDECLARED_SELECTOR = YES;
				GCC_WARN_UNINITIALIZED_AUTOS = YES_AGGRESSIVE;
				GCC_WARN_UNUSED_FUNCTION = YES;
				GCC_WARN_UNUSED_VARIABLE = YES;
				IPHONEOS_DEPLOYMENT_TARGET = 16.4;
				MTL_ENABLE_DEBUG_INFO = NO;
				MTL_FAST_MATH = YES;
				SDKROOT = iphoneos;
				SWIFT_COMPILATION_MODE = wholemodule;
				SWIFT_OPTIMIZATION_LEVEL = "-O";
				VALIDATE_PRODUCT = YES;
			};
			name = Release;
		};
		FD79C1992A42626B0039E1FD /* Debug */ = {
			isa = XCBuildConfiguration;
			buildSettings = {
				ASSETCATALOG_COMPILER_APPICON_NAME = AppIcon;
				ASSETCATALOG_COMPILER_GLOBAL_ACCENT_COLOR_NAME = AccentColor;
				CODE_SIGN_STYLE = Automatic;
				CURRENT_PROJECT_VERSION = 1;
				DEVELOPMENT_TEAM = 3P98PX8965;
				GENERATE_INFOPLIST_FILE = YES;
				INFOPLIST_FILE = Navigator_2.0/Info.plist;
				INFOPLIST_KEY_UIApplicationSupportsIndirectInputEvents = YES;
				INFOPLIST_KEY_UILaunchStoryboardName = LaunchScreen;
				INFOPLIST_KEY_UIMainStoryboardFile = LaunchScreen;
				INFOPLIST_KEY_UISupportedInterfaceOrientations_iPad = "UIInterfaceOrientationPortrait UIInterfaceOrientationPortraitUpsideDown UIInterfaceOrientationLandscapeLeft UIInterfaceOrientationLandscapeRight";
				INFOPLIST_KEY_UISupportedInterfaceOrientations_iPhone = "UIInterfaceOrientationPortrait UIInterfaceOrientationLandscapeLeft UIInterfaceOrientationLandscapeRight";
				LD_RUNPATH_SEARCH_PATHS = (
					"$(inherited)",
					"@executable_path/Frameworks",
				);
				MARKETING_VERSION = 1.0;
				PRODUCT_BUNDLE_IDENTIFIER = "com.ioskids.Navigator-2-0";
				PRODUCT_NAME = "$(TARGET_NAME)";
				SWIFT_EMIT_LOC_STRINGS = YES;
				SWIFT_VERSION = 5.0;
				TARGETED_DEVICE_FAMILY = "1,2";
			};
			name = Debug;
		};
		FD79C19A2A42626B0039E1FD /* Release */ = {
			isa = XCBuildConfiguration;
			buildSettings = {
				ASSETCATALOG_COMPILER_APPICON_NAME = AppIcon;
				ASSETCATALOG_COMPILER_GLOBAL_ACCENT_COLOR_NAME = AccentColor;
				CODE_SIGN_STYLE = Automatic;
				CURRENT_PROJECT_VERSION = 1;
				DEVELOPMENT_TEAM = 3P98PX8965;
				GENERATE_INFOPLIST_FILE = YES;
				INFOPLIST_FILE = Navigator_2.0/Info.plist;
				INFOPLIST_KEY_UIApplicationSupportsIndirectInputEvents = YES;
				INFOPLIST_KEY_UILaunchStoryboardName = LaunchScreen;
				INFOPLIST_KEY_UIMainStoryboardFile = LaunchScreen;
				INFOPLIST_KEY_UISupportedInterfaceOrientations_iPad = "UIInterfaceOrientationPortrait UIInterfaceOrientationPortraitUpsideDown UIInterfaceOrientationLandscapeLeft UIInterfaceOrientationLandscapeRight";
				INFOPLIST_KEY_UISupportedInterfaceOrientations_iPhone = "UIInterfaceOrientationPortrait UIInterfaceOrientationLandscapeLeft UIInterfaceOrientationLandscapeRight";
				LD_RUNPATH_SEARCH_PATHS = (
					"$(inherited)",
					"@executable_path/Frameworks",
				);
				MARKETING_VERSION = 1.0;
				PRODUCT_BUNDLE_IDENTIFIER = "com.ioskids.Navigator-2-0";
				PRODUCT_NAME = "$(TARGET_NAME)";
				SWIFT_EMIT_LOC_STRINGS = YES;
				SWIFT_VERSION = 5.0;
				TARGETED_DEVICE_FAMILY = "1,2";
			};
			name = Release;
		};
/* End XCBuildConfiguration section */

/* Begin XCConfigurationList section */
		FD79C17F2A4262690039E1FD /* Build configuration list for PBXProject "Navigator_2.0" */ = {
			isa = XCConfigurationList;
			buildConfigurations = (
				FD79C1962A42626B0039E1FD /* Debug */,
				FD79C1972A42626B0039E1FD /* Release */,
			);
			defaultConfigurationIsVisible = 0;
			defaultConfigurationName = Release;
		};
		FD79C1982A42626B0039E1FD /* Build configuration list for PBXNativeTarget "Navigator_2.0" */ = {
			isa = XCConfigurationList;
			buildConfigurations = (
				FD79C1992A42626B0039E1FD /* Debug */,
				FD79C19A2A42626B0039E1FD /* Release */,
			);
			defaultConfigurationIsVisible = 0;
			defaultConfigurationName = Release;
		};
/* End XCConfigurationList section */
	};
	rootObject = FD79C17C2A4262690039E1FD /* Project object */;
}
